
Microsoft Visual Studio Solution File, Format Version 12.00
# Visual Studio Version 16
VisualStudioVersion = 16.0.30011.22
MinimumVisualStudioVersion = 10.0.40219.1
Project("{FAE04EC0-301F-11D3-BF4B-00C04F79EFBC}") = "Cheesecake46", "Cheesecake46\Cheesecake46.csproj", "{6100EB27-D687-4BF2-ABE6-7FC974A64B37}"
EndProject
Global
	GlobalSection(SolutionConfigurationPlatforms) = preSolution
		Debug|Any CPU = Debug|Any CPU
		Release|Any CPU = Release|Any CPU
	EndGlobalSection
	GlobalSection(ProjectConfigurationPlatforms) = postSolution
		{6100EB27-D687-4BF2-ABE6-7FC974A64B37}.Debug|Any CPU.ActiveCfg = Debug|Any CPU
		{6100EB27-D687-4BF2-ABE6-7FC974A64B37}.Debug|Any CPU.Build.0 = Debug|Any CPU
		{6100EB27-D687-4BF2-ABE6-7FC974A64B37}.Release|Any CPU.ActiveCfg = Release|Any CPU
		{6100EB27-D687-4BF2-ABE6-7FC974A64B37}.Release|Any CPU.Build.0 = Release|Any CPU
	EndGlobalSection
	GlobalSection(SolutionProperties) = preSolution
		HideSolutionNode = FALSE
	EndGlobalSection
	GlobalSection(ExtensibilityGlobals) = postSolution
		SolutionGuid = {2AC02607-642D-4410-B3C3-2701D6F06745}
	EndGlobalSection
EndGlobal
